
Microsoft Visual Studio Solution File, Format Version 12.00
# Visual Studio 15
VisualStudioVersion = 15.0.26730.16
MinimumVisualStudioVersion = 10.0.40219.1
Project("{9A19103F-16F7-4668-BE54-9A1E7A4F7556}") = "Focus", "Focus\Focus.csproj", "{DAEDBF3E-6013-4AE0-BFF1-A62BBB03D3E0}"
EndProject
Project("{9A19103F-16F7-4668-BE54-9A1E7A4F7556}") = "Focus.Tests", "Focus.Tests\Focus.Tests.csproj", "{C5FC64C5-7710-4181-AC0E-DE4F5046E284}"
EndProject
Global
	GlobalSection(SolutionConfigurationPlatforms) = preSolution
		Debug|Any CPU = Debug|Any CPU
		Release|Any CPU = Release|Any CPU
	EndGlobalSection
	GlobalSection(ProjectConfigurationPlatforms) = postSolution
		{DAEDBF3E-6013-4AE0-BFF1-A62BBB03D3E0}.Debug|Any CPU.ActiveCfg = Debug|Any CPU
		{DAEDBF3E-6013-4AE0-BFF1-A62BBB03D3E0}.Debug|Any CPU.Build.0 = Debug|Any CPU
		{DAEDBF3E-6013-4AE0-BFF1-A62BBB03D3E0}.Release|Any CPU.ActiveCfg = Release|Any CPU
		{DAEDBF3E-6013-4AE0-BFF1-A62BBB03D3E0}.Release|Any CPU.Build.0 = Release|Any CPU
		{C5FC64C5-7710-4181-AC0E-DE4F5046E284}.Debug|Any CPU.ActiveCfg = Debug|Any CPU
		{C5FC64C5-7710-4181-AC0E-DE4F5046E284}.Debug|Any CPU.Build.0 = Debug|Any CPU
		{C5FC64C5-7710-4181-AC0E-DE4F5046E284}.Release|Any CPU.ActiveCfg = Release|Any CPU
		{C5FC64C5-7710-4181-AC0E-DE4F5046E284}.Release|Any CPU.Build.0 = Release|Any CPU
	EndGlobalSection
	GlobalSection(SolutionProperties) = preSolution
		HideSolutionNode = FALSE
	EndGlobalSection
	GlobalSection(ExtensibilityGlobals) = postSolution
		SolutionGuid = {9B944D10-00A8-48C4-B5A6-75D2D2A6A32C}
	EndGlobalSection
EndGlobal
